
Microsoft Visual Studio Solution File, Format Version 12.00
# Visual Studio Version 17
VisualStudioVersion = 17.8.34408.163
MinimumVisualStudioVersion = 10.0.40219.1
Project("{2150E333-8FDC-42A3-9474-1A3956D46DE8}") = "Services", "Services", "{2FB6DFC1-A0F7-426A-A1C0-B23151B87AAE}"
EndProject
Project("{2150E333-8FDC-42A3-9474-1A3956D46DE8}") = "BuildingBlocks", "BuildingBlocks", "{AC7189FD-F47A-43A4-995A-B4C44E250FD3}"
EndProject
Project("{2150E333-8FDC-42A3-9474-1A3956D46DE8}") = "Catalog", "Catalog", "{1DD0C77B-6EDC-4991-80C1-D6E48E1376B2}"
EndProject
Project("{9A19103F-16F7-4668-BE54-9A1E7A4F7556}") = "Catalog.API", "Services\Catalog\Catalog.API\Catalog.API.csproj", "{F67BDB4D-2E64-4D0B-A9FC-3E6513D90103}"
EndProject
Project("{9A19103F-16F7-4668-BE54-9A1E7A4F7556}") = "BuildingBlocks", "BuildingBlocks\BuildingBlocks\BuildingBlocks.csproj", "{D62539BD-3EBB-4E53-A9F3-A2159C568D82}"
EndProject
Project("{E53339B2-1760-4266-BCC7-CA923CBCF16C}") = "docker-compose", "docker-compose.dcproj", "{DF3C29EE-D1F2-451D-B71D-666B3837260D}"
EndProject
Project("{2150E333-8FDC-42A3-9474-1A3956D46DE8}") = "Basket", "Basket", "{8728922E-F658-4A6A-8485-95A268EE4284}"
EndProject
Project("{9A19103F-16F7-4668-BE54-9A1E7A4F7556}") = "Basket.API", "Services\Basket\Basket.API\Basket.API.csproj", "{64F41B28-D348-4B7A-8A3B-6CCA2E7C3C53}"
EndProject
Project("{2150E333-8FDC-42A3-9474-1A3956D46DE8}") = "Discount", "Discount", "{0CA1DB1F-F94E-438F-94BE-47C23AC66297}"
EndProject
Project("{FAE04EC0-301F-11D3-BF4B-00C04F79EFBC}") = "Discount.Grpc", "Services\Discount\Discount.Grpc\Discount.Grpc.csproj", "{267B5CB6-F701-4817-B2DC-6234C84D05BD}"
EndProject
Project("{2150E333-8FDC-42A3-9474-1A3956D46DE8}") = "Ordering", "Ordering", "{7CD381BE-2306-4E1B-AE1D-6C3747E8B3C7}"
EndProject
Project("{FAE04EC0-301F-11D3-BF4B-00C04F79EFBC}") = "Ordering.API", "Services\Ordering\Ordering.API\Ordering.API.csproj", "{B9C5E9C9-5238-470F-A1E7-2DF879BF4E0C}"
EndProject
Project("{FAE04EC0-301F-11D3-BF4B-00C04F79EFBC}") = "Ordering.Domain", "Services\Ordering\Ordering.Domain\Ordering.Domain.csproj", "{345C5A06-9307-4867-A9FB-33943A73EC60}"
EndProject
Project("{FAE04EC0-301F-11D3-BF4B-00C04F79EFBC}") = "Ordering.Infrastructure", "Services\Ordering\Ordering.Infrastructure\Ordering.Infrastructure.csproj", "{E77ACAA0-469A-496D-8128-0F232345FE2E}"
EndProject
Project("{FAE04EC0-301F-11D3-BF4B-00C04F79EFBC}") = "Ordering.Application", "Services\Ordering\Ordering.Application\Ordering.Application.csproj", "{A0AA202B-77D7-47B5-ABF3-2289949E034A}"
EndProject
Global
	GlobalSection(SolutionConfigurationPlatforms) = preSolution
		Debug|Any CPU = Debug|Any CPU
		Release|Any CPU = Release|Any CPU
	EndGlobalSection
	GlobalSection(ProjectConfigurationPlatforms) = postSolution
		{F67BDB4D-2E64-4D0B-A9FC-3E6513D90103}.Debug|Any CPU.ActiveCfg = Debug|Any CPU
		{F67BDB4D-2E64-4D0B-A9FC-3E6513D90103}.Debug|Any CPU.Build.0 = Debug|Any CPU
		{F67BDB4D-2E64-4D0B-A9FC-3E6513D90103}.Release|Any CPU.ActiveCfg = Release|Any CPU
		{F67BDB4D-2E64-4D0B-A9FC-3E6513D90103}.Release|Any CPU.Build.0 = Release|Any CPU
		{D62539BD-3EBB-4E53-A9F3-A2159C568D82}.Debug|Any CPU.ActiveCfg = Debug|Any CPU
		{D62539BD-3EBB-4E53-A9F3-A2159C568D82}.Debug|Any CPU.Build.0 = Debug|Any CPU
		{D62539BD-3EBB-4E53-A9F3-A2159C568D82}.Release|Any CPU.ActiveCfg = Release|Any CPU
		{D62539BD-3EBB-4E53-A9F3-A2159C568D82}.Release|Any CPU.Build.0 = Release|Any CPU
		{DF3C29EE-D1F2-451D-B71D-666B3837260D}.Debug|Any CPU.ActiveCfg = Debug|Any CPU
		{DF3C29EE-D1F2-451D-B71D-666B3837260D}.Debug|Any CPU.Build.0 = Debug|Any CPU
		{DF3C29EE-D1F2-451D-B71D-666B3837260D}.Release|Any CPU.ActiveCfg = Release|Any CPU
		{DF3C29EE-D1F2-451D-B71D-666B3837260D}.Release|Any CPU.Build.0 = Release|Any CPU
		{64F41B28-D348-4B7A-8A3B-6CCA2E7C3C53}.Debug|Any CPU.ActiveCfg = Debug|Any CPU
		{64F41B28-D348-4B7A-8A3B-6CCA2E7C3C53}.Debug|Any CPU.Build.0 = Debug|Any CPU
		{64F41B28-D348-4B7A-8A3B-6CCA2E7C3C53}.Release|Any CPU.ActiveCfg = Release|Any CPU
		{64F41B28-D348-4B7A-8A3B-6CCA2E7C3C53}.Release|Any CPU.Build.0 = Release|Any CPU
		{267B5CB6-F701-4817-B2DC-6234C84D05BD}.Debug|Any CPU.ActiveCfg = Debug|Any CPU
		{267B5CB6-F701-4817-B2DC-6234C84D05BD}.Debug|Any CPU.Build.0 = Debug|Any CPU
		{267B5CB6-F701-4817-B2DC-6234C84D05BD}.Release|Any CPU.ActiveCfg = Release|Any CPU
		{267B5CB6-F701-4817-B2DC-6234C84D05BD}.Release|Any CPU.Build.0 = Release|Any CPU
		{B9C5E9C9-5238-470F-A1E7-2DF879BF4E0C}.Debug|Any CPU.ActiveCfg = Debug|Any CPU
		{B9C5E9C9-5238-470F-A1E7-2DF879BF4E0C}.Debug|Any CPU.Build.0 = Debug|Any CPU
		{B9C5E9C9-5238-470F-A1E7-2DF879BF4E0C}.Release|Any CPU.ActiveCfg = Release|Any CPU
		{B9C5E9C9-5238-470F-A1E7-2DF879BF4E0C}.Release|Any CPU.Build.0 = Release|Any CPU
		{345C5A06-9307-4867-A9FB-33943A73EC60}.Debug|Any CPU.ActiveCfg = Debug|Any CPU
		{345C5A06-9307-4867-A9FB-33943A73EC60}.Debug|Any CPU.Build.0 = Debug|Any CPU
		{345C5A06-9307-4867-A9FB-33943A73EC60}.Release|Any CPU.ActiveCfg = Release|Any CPU
		{345C5A06-9307-4867-A9FB-33943A73EC60}.Release|Any CPU.Build.0 = Release|Any CPU
		{E77ACAA0-469A-496D-8128-0F232345FE2E}.Debug|Any CPU.ActiveCfg = Debug|Any CPU
		{E77ACAA0-469A-496D-8128-0F232345FE2E}.Debug|Any CPU.Build.0 = Debug|Any CPU
		{E77ACAA0-469A-496D-8128-0F232345FE2E}.Release|Any CPU.ActiveCfg = Release|Any CPU
		{E77ACAA0-469A-496D-8128-0F232345FE2E}.Release|Any CPU.Build.0 = Release|Any CPU
		{A0AA202B-77D7-47B5-ABF3-2289949E034A}.Debug|Any CPU.ActiveCfg = Debug|Any CPU
		{A0AA202B-77D7-47B5-ABF3-2289949E034A}.Debug|Any CPU.Build.0 = Debug|Any CPU
		{A0AA202B-77D7-47B5-ABF3-2289949E034A}.Release|Any CPU.ActiveCfg = Release|Any CPU
		{A0AA202B-77D7-47B5-ABF3-2289949E034A}.Release|Any CPU.Build.0 = Release|Any CPU
	EndGlobalSection
	GlobalSection(SolutionProperties) = preSolution
		HideSolutionNode = FALSE
	EndGlobalSection
	GlobalSection(NestedProjects) = preSolution
		{1DD0C77B-6EDC-4991-80C1-D6E48E1376B2} = {2FB6DFC1-A0F7-426A-A1C0-B23151B87AAE}
		{F67BDB4D-2E64-4D0B-A9FC-3E6513D90103} = {1DD0C77B-6EDC-4991-80C1-D6E48E1376B2}
		{D62539BD-3EBB-4E53-A9F3-A2159C568D82} = {AC7189FD-F47A-43A4-995A-B4C44E250FD3}
		{8728922E-F658-4A6A-8485-95A268EE4284} = {2FB6DFC1-A0F7-426A-A1C0-B23151B87AAE}
		{64F41B28-D348-4B7A-8A3B-6CCA2E7C3C53} = {8728922E-F658-4A6A-8485-95A268EE4284}
		{0CA1DB1F-F94E-438F-94BE-47C23AC66297} = {2FB6DFC1-A0F7-426A-A1C0-B23151B87AAE}
		{267B5CB6-F701-4817-B2DC-6234C84D05BD} = {0CA1DB1F-F94E-438F-94BE-47C23AC66297}
		{7CD381BE-2306-4E1B-AE1D-6C3747E8B3C7} = {2FB6DFC1-A0F7-426A-A1C0-B23151B87AAE}
		{B9C5E9C9-5238-470F-A1E7-2DF879BF4E0C} = {7CD381BE-2306-4E1B-AE1D-6C3747E8B3C7}
		{345C5A06-9307-4867-A9FB-33943A73EC60} = {7CD381BE-2306-4E1B-AE1D-6C3747E8B3C7}
		{E77ACAA0-469A-496D-8128-0F232345FE2E} = {7CD381BE-2306-4E1B-AE1D-6C3747E8B3C7}
		{A0AA202B-77D7-47B5-ABF3-2289949E034A} = {7CD381BE-2306-4E1B-AE1D-6C3747E8B3C7}
	EndGlobalSection
	GlobalSection(ExtensibilityGlobals) = postSolution
		SolutionGuid = {4303E8FC-FECD-46B0-A39F-D55BE73F9283}
	EndGlobalSection
EndGlobal
